
Microsoft Visual Studio Solution File, Format Version 12.00
# Visual Studio 15
VisualStudioVersion = 15.0.26228.9
MinimumVisualStudioVersion = 10.0.40219.1
Project("{8BC9CEB8-8B4A-11D0-8D11-00A0C91BC942}") = "Euler1", "Euler1\Euler1.vcxproj", "{0EC11A1C-F876-40E8-8715-C62AA31F0A2A}"
EndProject
Project("{8BC9CEB8-8B4A-11D0-8D11-00A0C91BC942}") = "Euler2", "Euler2\Euler2.vcxproj", "{B483227B-2828-4704-AD3C-F5234905C157}"
EndProject
Project("{8BC9CEB8-8B4A-11D0-8D11-00A0C91BC942}") = "Euler3", "Euler3\Euler3.vcxproj", "{DE8D5DF8-AA1A-4DE9-92D3-853DFF818D97}"
EndProject
Project("{8BC9CEB8-8B4A-11D0-8D11-00A0C91BC942}") = "Euler4", "Euler4\Euler4.vcxproj", "{8F3B07C6-4544-4154-9C40-A654D9BF8309}"
EndProject
Project("{8BC9CEB8-8B4A-11D0-8D11-00A0C91BC942}") = "Euler5", "Euler5\Euler5.vcxproj", "{3ED48690-5A31-4FBE-BF60-BAF46F27B802}"
EndProject
Project("{8BC9CEB8-8B4A-11D0-8D11-00A0C91BC942}") = "Euler6", "Euler6\Euler6.vcxproj", "{4DBEC88E-7417-49C8-8F7F-2D29087D9215}"
EndProject
Project("{8BC9CEB8-8B4A-11D0-8D11-00A0C91BC942}") = "Euler7", "Euler7\Euler7.vcxproj", "{A423033D-5C95-49CC-8E52-5631F1176432}"
EndProject
Project("{8BC9CEB8-8B4A-11D0-8D11-00A0C91BC942}") = "Euler8", "Euler8\Euler8.vcxproj", "{C19B98B6-FA18-4470-A7DA-1427FE848122}"
EndProject
Project("{8BC9CEB8-8B4A-11D0-8D11-00A0C91BC942}") = "Euler9", "Euler9\Euler9.vcxproj", "{7BCBC13E-F0FA-477E-8BB2-1FD65F367B98}"
EndProject
Project("{8BC9CEB8-8B4A-11D0-8D11-00A0C91BC942}") = "Primes", "Primes\Primes.vcxproj", "{E66AB40B-0AED-4431-AD11-BD2E46A17493}"
EndProject
Project("{8BC9CEB8-8B4A-11D0-8D11-00A0C91BC942}") = "Euler10", "Euler10\Euler10.vcxproj", "{5250F1E0-B15C-4EF5-BCD5-29F6B2AF30BC}"
EndProject
Project("{8BC9CEB8-8B4A-11D0-8D11-00A0C91BC942}") = "Euler11", "Euler11\Euler11.vcxproj", "{144A12DB-AA65-4F47-8FA0-F1ED42A10D77}"
EndProject
Project("{8BC9CEB8-8B4A-11D0-8D11-00A0C91BC942}") = "Euler12", "Euler12\Euler12.vcxproj", "{77AE229C-85B0-4F52-80C1-69F53E4771EC}"
EndProject
Project("{8BC9CEB8-8B4A-11D0-8D11-00A0C91BC942}") = "Euler13", "Euler13\Euler13.vcxproj", "{C7497C00-8BBA-46D9-A176-6B13ED851E2B}"
EndProject
Project("{8BC9CEB8-8B4A-11D0-8D11-00A0C91BC942}") = "Euler14", "Euler14\Euler14.vcxproj", "{A1616AB3-9DB5-4172-BB0F-E84985349972}"
EndProject
Project("{8BC9CEB8-8B4A-11D0-8D11-00A0C91BC942}") = "Euler15", "Euler15\Euler15.vcxproj", "{057E2E4A-68A4-401A-8BEB-F907817458FB}"
EndProject
Project("{8BC9CEB8-8B4A-11D0-8D11-00A0C91BC942}") = "Euler16", "Euler16\Euler16.vcxproj", "{6DC4513B-4928-4493-999C-C2F8756A55AA}"
EndProject
Global
	GlobalSection(SolutionConfigurationPlatforms) = preSolution
		Debug|x64 = Debug|x64
		Debug|x86 = Debug|x86
		Release|x64 = Release|x64
		Release|x86 = Release|x86
	EndGlobalSection
	GlobalSection(ProjectConfigurationPlatforms) = postSolution
		{0EC11A1C-F876-40E8-8715-C62AA31F0A2A}.Debug|x64.ActiveCfg = Debug|x64
		{0EC11A1C-F876-40E8-8715-C62AA31F0A2A}.Debug|x64.Build.0 = Debug|x64
		{0EC11A1C-F876-40E8-8715-C62AA31F0A2A}.Debug|x86.ActiveCfg = Debug|Win32
		{0EC11A1C-F876-40E8-8715-C62AA31F0A2A}.Debug|x86.Build.0 = Debug|Win32
		{0EC11A1C-F876-40E8-8715-C62AA31F0A2A}.Release|x64.ActiveCfg = Release|x64
		{0EC11A1C-F876-40E8-8715-C62AA31F0A2A}.Release|x64.Build.0 = Release|x64
		{0EC11A1C-F876-40E8-8715-C62AA31F0A2A}.Release|x86.ActiveCfg = Release|Win32
		{0EC11A1C-F876-40E8-8715-C62AA31F0A2A}.Release|x86.Build.0 = Release|Win32
		{B483227B-2828-4704-AD3C-F5234905C157}.Debug|x64.ActiveCfg = Debug|x64
		{B483227B-2828-4704-AD3C-F5234905C157}.Debug|x64.Build.0 = Debug|x64
		{B483227B-2828-4704-AD3C-F5234905C157}.Debug|x86.ActiveCfg = Debug|Win32
		{B483227B-2828-4704-AD3C-F5234905C157}.Debug|x86.Build.0 = Debug|Win32
		{B483227B-2828-4704-AD3C-F5234905C157}.Release|x64.ActiveCfg = Release|x64
		{B483227B-2828-4704-AD3C-F5234905C157}.Release|x64.Build.0 = Release|x64
		{B483227B-2828-4704-AD3C-F5234905C157}.Release|x86.ActiveCfg = Release|Win32
		{B483227B-2828-4704-AD3C-F5234905C157}.Release|x86.Build.0 = Release|Win32
		{DE8D5DF8-AA1A-4DE9-92D3-853DFF818D97}.Debug|x64.ActiveCfg = Debug|x64
		{DE8D5DF8-AA1A-4DE9-92D3-853DFF818D97}.Debug|x64.Build.0 = Debug|x64
		{DE8D5DF8-AA1A-4DE9-92D3-853DFF818D97}.Debug|x86.ActiveCfg = Debug|Win32
		{DE8D5DF8-AA1A-4DE9-92D3-853DFF818D97}.Debug|x86.Build.0 = Debug|Win32
		{DE8D5DF8-AA1A-4DE9-92D3-853DFF818D97}.Release|x64.ActiveCfg = Release|x64
		{DE8D5DF8-AA1A-4DE9-92D3-853DFF818D97}.Release|x64.Build.0 = Release|x64
		{DE8D5DF8-AA1A-4DE9-92D3-853DFF818D97}.Release|x86.ActiveCfg = Release|Win32
		{DE8D5DF8-AA1A-4DE9-92D3-853DFF818D97}.Release|x86.Build.0 = Release|Win32
		{8F3B07C6-4544-4154-9C40-A654D9BF8309}.Debug|x64.ActiveCfg = Debug|x64
		{8F3B07C6-4544-4154-9C40-A654D9BF8309}.Debug|x64.Build.0 = Debug|x64
		{8F3B07C6-4544-4154-9C40-A654D9BF8309}.Debug|x86.ActiveCfg = Debug|Win32
		{8F3B07C6-4544-4154-9C40-A654D9BF8309}.Debug|x86.Build.0 = Debug|Win32
		{8F3B07C6-4544-4154-9C40-A654D9BF8309}.Release|x64.ActiveCfg = Release|x64
		{8F3B07C6-4544-4154-9C40-A654D9BF8309}.Release|x64.Build.0 = Release|x64
		{8F3B07C6-4544-4154-9C40-A654D9BF8309}.Release|x86.ActiveCfg = Release|Win32
		{8F3B07C6-4544-4154-9C40-A654D9BF8309}.Release|x86.Build.0 = Release|Win32
		{3ED48690-5A31-4FBE-BF60-BAF46F27B802}.Debug|x64.ActiveCfg = Debug|x64
		{3ED48690-5A31-4FBE-BF60-BAF46F27B802}.Debug|x64.Build.0 = Debug|x64
		{3ED48690-5A31-4FBE-BF60-BAF46F27B802}.Debug|x86.ActiveCfg = Debug|Win32
		{3ED48690-5A31-4FBE-BF60-BAF46F27B802}.Debug|x86.Build.0 = Debug|Win32
		{3ED48690-5A31-4FBE-BF60-BAF46F27B802}.Release|x64.ActiveCfg = Release|x64
		{3ED48690-5A31-4FBE-BF60-BAF46F27B802}.Release|x64.Build.0 = Release|x64
		{3ED48690-5A31-4FBE-BF60-BAF46F27B802}.Release|x86.ActiveCfg = Release|Win32
		{3ED48690-5A31-4FBE-BF60-BAF46F27B802}.Release|x86.Build.0 = Release|Win32
		{4DBEC88E-7417-49C8-8F7F-2D29087D9215}.Debug|x64.ActiveCfg = Debug|x64
		{4DBEC88E-7417-49C8-8F7F-2D29087D9215}.Debug|x64.Build.0 = Debug|x64
		{4DBEC88E-7417-49C8-8F7F-2D29087D9215}.Debug|x86.ActiveCfg = Debug|Win32
		{4DBEC88E-7417-49C8-8F7F-2D29087D9215}.Debug|x86.Build.0 = Debug|Win32
		{4DBEC88E-7417-49C8-8F7F-2D29087D9215}.Release|x64.ActiveCfg = Release|x64
		{4DBEC88E-7417-49C8-8F7F-2D29087D9215}.Release|x64.Build.0 = Release|x64
		{4DBEC88E-7417-49C8-8F7F-2D29087D9215}.Release|x86.ActiveCfg = Release|Win32
		{4DBEC88E-7417-49C8-8F7F-2D29087D9215}.Release|x86.Build.0 = Release|Win32
		{A423033D-5C95-49CC-8E52-5631F1176432}.Debug|x64.ActiveCfg = Debug|x64
		{A423033D-5C95-49CC-8E52-5631F1176432}.Debug|x64.Build.0 = Debug|x64
		{A423033D-5C95-49CC-8E52-5631F1176432}.Debug|x86.ActiveCfg = Debug|Win32
		{A423033D-5C95-49CC-8E52-5631F1176432}.Debug|x86.Build.0 = Debug|Win32
		{A423033D-5C95-49CC-8E52-5631F1176432}.Release|x64.ActiveCfg = Release|x64
		{A423033D-5C95-49CC-8E52-5631F1176432}.Release|x64.Build.0 = Release|x64
		{A423033D-5C95-49CC-8E52-5631F1176432}.Release|x86.ActiveCfg = Release|Win32
		{A423033D-5C95-49CC-8E52-5631F1176432}.Release|x86.Build.0 = Release|Win32
		{C19B98B6-FA18-4470-A7DA-1427FE848122}.Debug|x64.ActiveCfg = Debug|x64
		{C19B98B6-FA18-4470-A7DA-1427FE848122}.Debug|x64.Build.0 = Debug|x64
		{C19B98B6-FA18-4470-A7DA-1427FE848122}.Debug|x86.ActiveCfg = Debug|Win32
		{C19B98B6-FA18-4470-A7DA-1427FE848122}.Debug|x86.Build.0 = Debug|Win32
		{C19B98B6-FA18-4470-A7DA-1427FE848122}.Release|x64.ActiveCfg = Release|x64
		{C19B98B6-FA18-4470-A7DA-1427FE848122}.Release|x64.Build.0 = Release|x64
		{C19B98B6-FA18-4470-A7DA-1427FE848122}.Release|x86.ActiveCfg = Release|Win32
		{C19B98B6-FA18-4470-A7DA-1427FE848122}.Release|x86.Build.0 = Release|Win32
		{7BCBC13E-F0FA-477E-8BB2-1FD65F367B98}.Debug|x64.ActiveCfg = Debug|x64
		{7BCBC13E-F0FA-477E-8BB2-1FD65F367B98}.Debug|x64.Build.0 = Debug|x64
		{7BCBC13E-F0FA-477E-8BB2-1FD65F367B98}.Debug|x86.ActiveCfg = Debug|Win32
		{7BCBC13E-F0FA-477E-8BB2-1FD65F367B98}.Debug|x86.Build.0 = Debug|Win32
		{7BCBC13E-F0FA-477E-8BB2-1FD65F367B98}.Release|x64.ActiveCfg = Release|x64
		{7BCBC13E-F0FA-477E-8BB2-1FD65F367B98}.Release|x64.Build.0 = Release|x64
		{7BCBC13E-F0FA-477E-8BB2-1FD65F367B98}.Release|x86.ActiveCfg = Release|Win32
		{7BCBC13E-F0FA-477E-8BB2-1FD65F367B98}.Release|x86.Build.0 = Release|Win32
		{E66AB40B-0AED-4431-AD11-BD2E46A17493}.Debug|x64.ActiveCfg = Debug|x64
		{E66AB40B-0AED-4431-AD11-BD2E46A17493}.Debug|x64.Build.0 = Debug|x64
		{E66AB40B-0AED-4431-AD11-BD2E46A17493}.Debug|x86.ActiveCfg = Debug|Win32
		{E66AB40B-0AED-4431-AD11-BD2E46A17493}.Debug|x86.Build.0 = Debug|Win32
		{E66AB40B-0AED-4431-AD11-BD2E46A17493}.Release|x64.ActiveCfg = Release|x64
		{E66AB40B-0AED-4431-AD11-BD2E46A17493}.Release|x64.Build.0 = Release|x64
		{E66AB40B-0AED-4431-AD11-BD2E46A17493}.Release|x86.ActiveCfg = Release|Win32
		{E66AB40B-0AED-4431-AD11-BD2E46A17493}.Release|x86.Build.0 = Release|Win32
		{5250F1E0-B15C-4EF5-BCD5-29F6B2AF30BC}.Debug|x64.ActiveCfg = Debug|x64
		{5250F1E0-B15C-4EF5-BCD5-29F6B2AF30BC}.Debug|x64.Build.0 = Debug|x64
		{5250F1E0-B15C-4EF5-BCD5-29F6B2AF30BC}.Debug|x86.ActiveCfg = Debug|Win32
		{5250F1E0-B15C-4EF5-BCD5-29F6B2AF30BC}.Debug|x86.Build.0 = Debug|Win32
		{5250F1E0-B15C-4EF5-BCD5-29F6B2AF30BC}.Release|x64.ActiveCfg = Release|x64
		{5250F1E0-B15C-4EF5-BCD5-29F6B2AF30BC}.Release|x64.Build.0 = Release|x64
		{5250F1E0-B15C-4EF5-BCD5-29F6B2AF30BC}.Release|x86.ActiveCfg = Release|Win32
		{5250F1E0-B15C-4EF5-BCD5-29F6B2AF30BC}.Release|x86.Build.0 = Release|Win32
		{144A12DB-AA65-4F47-8FA0-F1ED42A10D77}.Debug|x64.ActiveCfg = Debug|x64
		{144A12DB-AA65-4F47-8FA0-F1ED42A10D77}.Debug|x64.Build.0 = Debug|x64
		{144A12DB-AA65-4F47-8FA0-F1ED42A10D77}.Debug|x86.ActiveCfg = Debug|Win32
		{144A12DB-AA65-4F47-8FA0-F1ED42A10D77}.Debug|x86.Build.0 = Debug|Win32
		{144A12DB-AA65-4F47-8FA0-F1ED42A10D77}.Release|x64.ActiveCfg = Release|x64
		{144A12DB-AA65-4F47-8FA0-F1ED42A10D77}.Release|x64.Build.0 = Release|x64
		{144A12DB-AA65-4F47-8FA0-F1ED42A10D77}.Release|x86.ActiveCfg = Release|Win32
		{144A12DB-AA65-4F47-8FA0-F1ED42A10D77}.Release|x86.Build.0 = Release|Win32
		{77AE229C-85B0-4F52-80C1-69F53E4771EC}.Debug|x64.ActiveCfg = Debug|x64
		{77AE229C-85B0-4F52-80C1-69F53E4771EC}.Debug|x64.Build.0 = Debug|x64
		{77AE229C-85B0-4F52-80C1-69F53E4771EC}.Debug|x86.ActiveCfg = Debug|Win32
		{77AE229C-85B0-4F52-80C1-69F53E4771EC}.Debug|x86.Build.0 = Debug|Win32
		{77AE229C-85B0-4F52-80C1-69F53E4771EC}.Release|x64.ActiveCfg = Release|x64
		{77AE229C-85B0-4F52-80C1-69F53E4771EC}.Release|x64.Build.0 = Release|x64
		{77AE229C-85B0-4F52-80C1-69F53E4771EC}.Release|x86.ActiveCfg = Release|Win32
		{77AE229C-85B0-4F52-80C1-69F53E4771EC}.Release|x86.Build.0 = Release|Win32
		{C7497C00-8BBA-46D9-A176-6B13ED851E2B}.Debug|x64.ActiveCfg = Debug|x64
		{C7497C00-8BBA-46D9-A176-6B13ED851E2B}.Debug|x64.Build.0 = Debug|x64
		{C7497C00-8BBA-46D9-A176-6B13ED851E2B}.Debug|x86.ActiveCfg = Debug|Win32
		{C7497C00-8BBA-46D9-A176-6B13ED851E2B}.Debug|x86.Build.0 = Debug|Win32
		{C7497C00-8BBA-46D9-A176-6B13ED851E2B}.Release|x64.ActiveCfg = Release|x64
		{C7497C00-8BBA-46D9-A176-6B13ED851E2B}.Release|x64.Build.0 = Release|x64
		{C7497C00-8BBA-46D9-A176-6B13ED851E2B}.Release|x86.ActiveCfg = Release|Win32
		{C7497C00-8BBA-46D9-A176-6B13ED851E2B}.Release|x86.Build.0 = Release|Win32
		{A1616AB3-9DB5-4172-BB0F-E84985349972}.Debug|x64.ActiveCfg = Debug|x64
		{A1616AB3-9DB5-4172-BB0F-E84985349972}.Debug|x64.Build.0 = Debug|x64
		{A1616AB3-9DB5-4172-BB0F-E84985349972}.Debug|x86.ActiveCfg = Debug|Win32
		{A1616AB3-9DB5-4172-BB0F-E84985349972}.Debug|x86.Build.0 = Debug|Win32
		{A1616AB3-9DB5-4172-BB0F-E84985349972}.Release|x64.ActiveCfg = Release|x64
		{A1616AB3-9DB5-4172-BB0F-E84985349972}.Release|x64.Build.0 = Release|x64
		{A1616AB3-9DB5-4172-BB0F-E84985349972}.Release|x86.ActiveCfg = Release|Win32
		{A1616AB3-9DB5-4172-BB0F-E84985349972}.Release|x86.Build.0 = Release|Win32
		{057E2E4A-68A4-401A-8BEB-F907817458FB}.Debug|x64.ActiveCfg = Debug|x64
		{057E2E4A-68A4-401A-8BEB-F907817458FB}.Debug|x64.Build.0 = Debug|x64
		{057E2E4A-68A4-401A-8BEB-F907817458FB}.Debug|x86.ActiveCfg = Debug|Win32
		{057E2E4A-68A4-401A-8BEB-F907817458FB}.Debug|x86.Build.0 = Debug|Win32
		{057E2E4A-68A4-401A-8BEB-F907817458FB}.Release|x64.ActiveCfg = Release|x64
		{057E2E4A-68A4-401A-8BEB-F907817458FB}.Release|x64.Build.0 = Release|x64
		{057E2E4A-68A4-401A-8BEB-F907817458FB}.Release|x86.ActiveCfg = Release|Win32
		{057E2E4A-68A4-401A-8BEB-F907817458FB}.Release|x86.Build.0 = Release|Win32
		{6DC4513B-4928-4493-999C-C2F8756A55AA}.Debug|x64.ActiveCfg = Debug|x64
		{6DC4513B-4928-4493-999C-C2F8756A55AA}.Debug|x64.Build.0 = Debug|x64
		{6DC4513B-4928-4493-999C-C2F8756A55AA}.Debug|x86.ActiveCfg = Debug|Win32
		{6DC4513B-4928-4493-999C-C2F8756A55AA}.Debug|x86.Build.0 = Debug|Win32
		{6DC4513B-4928-4493-999C-C2F8756A55AA}.Release|x64.ActiveCfg = Release|x64
		{6DC4513B-4928-4493-999C-C2F8756A55AA}.Release|x64.Build.0 = Release|x64
		{6DC4513B-4928-4493-999C-C2F8756A55AA}.Release|x86.ActiveCfg = Release|Win32
		{6DC4513B-4928-4493-999C-C2F8756A55AA}.Release|x86.Build.0 = Release|Win32
	EndGlobalSection
	GlobalSection(SolutionProperties) = preSolution
		HideSolutionNode = FALSE
	EndGlobalSection
EndGlobal
